
Microsoft Visual Studio Solution File, Format Version 12.00
# Visual Studio Version 16
VisualStudioVersion = 16.0.31424.327
MinimumVisualStudioVersion = 10.0.40219.1
Project("{FAE04EC0-301F-11D3-BF4B-00C04F79EFBC}") = "FileUpload", "FileUpload\FileUpload.csproj", "{78DD6283-56B5-4022-A8D4-AE3870290976}"
EndProject
Global
	GlobalSection(SolutionConfigurationPlatforms) = preSolution
		Debug|Any CPU = Debug|Any CPU
		Release|Any CPU = Release|Any CPU
	EndGlobalSection
	GlobalSection(ProjectConfigurationPlatforms) = postSolution
		{78DD6283-56B5-4022-A8D4-AE3870290976}.Debug|Any CPU.ActiveCfg = Debug|Any CPU
		{78DD6283-56B5-4022-A8D4-AE3870290976}.Debug|Any CPU.Build.0 = Debug|Any CPU
		{78DD6283-56B5-4022-A8D4-AE3870290976}.Release|Any CPU.ActiveCfg = Release|Any CPU
		{78DD6283-56B5-4022-A8D4-AE3870290976}.Release|Any CPU.Build.0 = Release|Any CPU
	EndGlobalSection
	GlobalSection(SolutionProperties) = preSolution
		HideSolutionNode = FALSE
	EndGlobalSection
	GlobalSection(ExtensibilityGlobals) = postSolution
		SolutionGuid = {96DB9218-A777-422D-86C5-40A62999230E}
	EndGlobalSection
EndGlobal
